
Microsoft Visual Studio Solution File, Format Version 12.00
# Visual Studio 15
VisualStudioVersion = 15.0.27428.2043
MinimumVisualStudioVersion = 10.0.40219.1
Project("{FAE04EC0-301F-11D3-BF4B-00C04F79EFBC}") = "ChordProgression.Android", "ChordProgression\ChordProgression.Android\ChordProgression.Android.csproj", "{F28E5B06-B757-44CD-B821-CDB5CCA1CAA1}"
EndProject
Project("{FAE04EC0-301F-11D3-BF4B-00C04F79EFBC}") = "ChordProgression.iOS", "ChordProgression\ChordProgression.iOS\ChordProgression.iOS.csproj", "{4EBDE5E0-3F0F-49A4-9609-71375FEC8F06}"
EndProject
Project("{FAE04EC0-301F-11D3-BF4B-00C04F79EFBC}") = "ChordProgression.UWP", "ChordProgression\ChordProgression.UWP\ChordProgression.UWP.csproj", "{FF6D21BA-C227-45EF-9FB3-619FDA9FC1F7}"
EndProject
Project("{FAE04EC0-301F-11D3-BF4B-00C04F79EFBC}") = "ChordProgression", "ChordProgression\ChordProgression\ChordProgression.csproj", "{210E19EE-A747-4056-9E0B-5AA81EF1F180}"
EndProject
Global
	GlobalSection(SolutionConfigurationPlatforms) = preSolution
		Ad-Hoc|Any CPU = Ad-Hoc|Any CPU
		Ad-Hoc|ARM = Ad-Hoc|ARM
		Ad-Hoc|iPhone = Ad-Hoc|iPhone
		Ad-Hoc|iPhoneSimulator = Ad-Hoc|iPhoneSimulator
		Ad-Hoc|x64 = Ad-Hoc|x64
		Ad-Hoc|x86 = Ad-Hoc|x86
		AppStore|Any CPU = AppStore|Any CPU
		AppStore|ARM = AppStore|ARM
		AppStore|iPhone = AppStore|iPhone
		AppStore|iPhoneSimulator = AppStore|iPhoneSimulator
		AppStore|x64 = AppStore|x64
		AppStore|x86 = AppStore|x86
		Debug|Any CPU = Debug|Any CPU
		Debug|ARM = Debug|ARM
		Debug|iPhone = Debug|iPhone
		Debug|iPhoneSimulator = Debug|iPhoneSimulator
		Debug|x64 = Debug|x64
		Debug|x86 = Debug|x86
		Release|Any CPU = Release|Any CPU
		Release|ARM = Release|ARM
		Release|iPhone = Release|iPhone
		Release|iPhoneSimulator = Release|iPhoneSimulator
		Release|x64 = Release|x64
		Release|x86 = Release|x86
	EndGlobalSection
	GlobalSection(ProjectConfigurationPlatforms) = postSolution
		{F28E5B06-B757-44CD-B821-CDB5CCA1CAA1}.Ad-Hoc|Any CPU.ActiveCfg = Release|Any CPU
		{F28E5B06-B757-44CD-B821-CDB5CCA1CAA1}.Ad-Hoc|Any CPU.Build.0 = Release|Any CPU
		{F28E5B06-B757-44CD-B821-CDB5CCA1CAA1}.Ad-Hoc|Any CPU.Deploy.0 = Release|Any CPU
		{F28E5B06-B757-44CD-B821-CDB5CCA1CAA1}.Ad-Hoc|ARM.ActiveCfg = Release|Any CPU
		{F28E5B06-B757-44CD-B821-CDB5CCA1CAA1}.Ad-Hoc|ARM.Build.0 = Release|Any CPU
		{F28E5B06-B757-44CD-B821-CDB5CCA1CAA1}.Ad-Hoc|ARM.Deploy.0 = Release|Any CPU
		{F28E5B06-B757-44CD-B821-CDB5CCA1CAA1}.Ad-Hoc|iPhone.ActiveCfg = Release|Any CPU
		{F28E5B06-B757-44CD-B821-CDB5CCA1CAA1}.Ad-Hoc|iPhone.Build.0 = Release|Any CPU
		{F28E5B06-B757-44CD-B821-CDB5CCA1CAA1}.Ad-Hoc|iPhone.Deploy.0 = Release|Any CPU
		{F28E5B06-B757-44CD-B821-CDB5CCA1CAA1}.Ad-Hoc|iPhoneSimulator.ActiveCfg = Release|Any CPU
		{F28E5B06-B757-44CD-B821-CDB5CCA1CAA1}.Ad-Hoc|iPhoneSimulator.Build.0 = Release|Any CPU
		{F28E5B06-B757-44CD-B821-CDB5CCA1CAA1}.Ad-Hoc|iPhoneSimulator.Deploy.0 = Release|Any CPU
		{F28E5B06-B757-44CD-B821-CDB5CCA1CAA1}.Ad-Hoc|x64.ActiveCfg = Release|Any CPU
		{F28E5B06-B757-44CD-B821-CDB5CCA1CAA1}.Ad-Hoc|x64.Build.0 = Release|Any CPU
		{F28E5B06-B757-44CD-B821-CDB5CCA1CAA1}.Ad-Hoc|x64.Deploy.0 = Release|Any CPU
		{F28E5B06-B757-44CD-B821-CDB5CCA1CAA1}.Ad-Hoc|x86.ActiveCfg = Release|Any CPU
		{F28E5B06-B757-44CD-B821-CDB5CCA1CAA1}.Ad-Hoc|x86.Build.0 = Release|Any CPU
		{F28E5B06-B757-44CD-B821-CDB5CCA1CAA1}.Ad-Hoc|x86.Deploy.0 = Release|Any CPU
		{F28E5B06-B757-44CD-B821-CDB5CCA1CAA1}.AppStore|Any CPU.ActiveCfg = Release|Any CPU
		{F28E5B06-B757-44CD-B821-CDB5CCA1CAA1}.AppStore|Any CPU.Build.0 = Release|Any CPU
		{F28E5B06-B757-44CD-B821-CDB5CCA1CAA1}.AppStore|Any CPU.Deploy.0 = Release|Any CPU
		{F28E5B06-B757-44CD-B821-CDB5CCA1CAA1}.AppStore|ARM.ActiveCfg = Release|Any CPU
		{F28E5B06-B757-44CD-B821-CDB5CCA1CAA1}.AppStore|ARM.Build.0 = Release|Any CPU
		{F28E5B06-B757-44CD-B821-CDB5CCA1CAA1}.AppStore|ARM.Deploy.0 = Release|Any CPU
		{F28E5B06-B757-44CD-B821-CDB5CCA1CAA1}.AppStore|iPhone.ActiveCfg = Release|Any CPU
		{F28E5B06-B757-44CD-B821-CDB5CCA1CAA1}.AppStore|iPhone.Build.0 = Release|Any CPU
		{F28E5B06-B757-44CD-B821-CDB5CCA1CAA1}.AppStore|iPhone.Deploy.0 = Release|Any CPU
		{F28E5B06-B757-44CD-B821-CDB5CCA1CAA1}.AppStore|iPhoneSimulator.ActiveCfg = Release|Any CPU
		{F28E5B06-B757-44CD-B821-CDB5CCA1CAA1}.AppStore|iPhoneSimulator.Build.0 = Release|Any CPU
		{F28E5B06-B757-44CD-B821-CDB5CCA1CAA1}.AppStore|iPhoneSimulator.Deploy.0 = Release|Any CPU
		{F28E5B06-B757-44CD-B821-CDB5CCA1CAA1}.AppStore|x64.ActiveCfg = Release|Any CPU
		{F28E5B06-B757-44CD-B821-CDB5CCA1CAA1}.AppStore|x64.Build.0 = Release|Any CPU
		{F28E5B06-B757-44CD-B821-CDB5CCA1CAA1}.AppStore|x64.Deploy.0 = Release|Any CPU
		{F28E5B06-B757-44CD-B821-CDB5CCA1CAA1}.AppStore|x86.ActiveCfg = Release|Any CPU
		{F28E5B06-B757-44CD-B821-CDB5CCA1CAA1}.AppStore|x86.Build.0 = Release|Any CPU
		{F28E5B06-B757-44CD-B821-CDB5CCA1CAA1}.AppStore|x86.Deploy.0 = Release|Any CPU
		{F28E5B06-B757-44CD-B821-CDB5CCA1CAA1}.Debug|Any CPU.ActiveCfg = Debug|Any CPU
		{F28E5B06-B757-44CD-B821-CDB5CCA1CAA1}.Debug|Any CPU.Build.0 = Debug|Any CPU
		{F28E5B06-B757-44CD-B821-CDB5CCA1CAA1}.Debug|Any CPU.Deploy.0 = Debug|Any CPU
		{F28E5B06-B757-44CD-B821-CDB5CCA1CAA1}.Debug|ARM.ActiveCfg = Debug|Any CPU
		{F28E5B06-B757-44CD-B821-CDB5CCA1CAA1}.Debug|ARM.Build.0 = Debug|Any CPU
		{F28E5B06-B757-44CD-B821-CDB5CCA1CAA1}.Debug|ARM.Deploy.0 = Debug|Any CPU
		{F28E5B06-B757-44CD-B821-CDB5CCA1CAA1}.Debug|iPhone.ActiveCfg = Debug|Any CPU
		{F28E5B06-B757-44CD-B821-CDB5CCA1CAA1}.Debug|iPhone.Build.0 = Debug|Any CPU
		{F28E5B06-B757-44CD-B821-CDB5CCA1CAA1}.Debug|iPhone.Deploy.0 = Debug|Any CPU
		{F28E5B06-B757-44CD-B821-CDB5CCA1CAA1}.Debug|iPhoneSimulator.ActiveCfg = Debug|Any CPU
		{F28E5B06-B757-44CD-B821-CDB5CCA1CAA1}.Debug|iPhoneSimulator.Build.0 = Debug|Any CPU
		{F28E5B06-B757-44CD-B821-CDB5CCA1CAA1}.Debug|iPhoneSimulator.Deploy.0 = Debug|Any CPU
		{F28E5B06-B757-44CD-B821-CDB5CCA1CAA1}.Debug|x64.ActiveCfg = Debug|Any CPU
		{F28E5B06-B757-44CD-B821-CDB5CCA1CAA1}.Debug|x64.Build.0 = Debug|Any CPU
		{F28E5B06-B757-44CD-B821-CDB5CCA1CAA1}.Debug|x64.Deploy.0 = Debug|Any CPU
		{F28E5B06-B757-44CD-B821-CDB5CCA1CAA1}.Debug|x86.ActiveCfg = Debug|Any CPU
		{F28E5B06-B757-44CD-B821-CDB5CCA1CAA1}.Debug|x86.Build.0 = Debug|Any CPU
		{F28E5B06-B757-44CD-B821-CDB5CCA1CAA1}.Debug|x86.Deploy.0 = Debug|Any CPU
		{F28E5B06-B757-44CD-B821-CDB5CCA1CAA1}.Release|Any CPU.ActiveCfg = Release|Any CPU
		{F28E5B06-B757-44CD-B821-CDB5CCA1CAA1}.Release|Any CPU.Build.0 = Release|Any CPU
		{F28E5B06-B757-44CD-B821-CDB5CCA1CAA1}.Release|Any CPU.Deploy.0 = Release|Any CPU
		{F28E5B06-B757-44CD-B821-CDB5CCA1CAA1}.Release|ARM.ActiveCfg = Release|Any CPU
		{F28E5B06-B757-44CD-B821-CDB5CCA1CAA1}.Release|ARM.Build.0 = Release|Any CPU
		{F28E5B06-B757-44CD-B821-CDB5CCA1CAA1}.Release|ARM.Deploy.0 = Release|Any CPU
		{F28E5B06-B757-44CD-B821-CDB5CCA1CAA1}.Release|iPhone.ActiveCfg = Release|Any CPU
		{F28E5B06-B757-44CD-B821-CDB5CCA1CAA1}.Release|iPhone.Build.0 = Release|Any CPU
		{F28E5B06-B757-44CD-B821-CDB5CCA1CAA1}.Release|iPhone.Deploy.0 = Release|Any CPU
		{F28E5B06-B757-44CD-B821-CDB5CCA1CAA1}.Release|iPhoneSimulator.ActiveCfg = Release|Any CPU
		{F28E5B06-B757-44CD-B821-CDB5CCA1CAA1}.Release|iPhoneSimulator.Build.0 = Release|Any CPU
		{F28E5B06-B757-44CD-B821-CDB5CCA1CAA1}.Release|iPhoneSimulator.Deploy.0 = Release|Any CPU
		{F28E5B06-B757-44CD-B821-CDB5CCA1CAA1}.Release|x64.ActiveCfg = Release|Any CPU
		{F28E5B06-B757-44CD-B821-CDB5CCA1CAA1}.Release|x64.Build.0 = Release|Any CPU
		{F28E5B06-B757-44CD-B821-CDB5CCA1CAA1}.Release|x64.Deploy.0 = Release|Any CPU
		{F28E5B06-B757-44CD-B821-CDB5CCA1CAA1}.Release|x86.ActiveCfg = Release|Any CPU
		{F28E5B06-B757-44CD-B821-CDB5CCA1CAA1}.Release|x86.Build.0 = Release|Any CPU
		{F28E5B06-B757-44CD-B821-CDB5CCA1CAA1}.Release|x86.Deploy.0 = Release|Any CPU
		{4EBDE5E0-3F0F-49A4-9609-71375FEC8F06}.Ad-Hoc|Any CPU.ActiveCfg = Ad-Hoc|iPhone
		{4EBDE5E0-3F0F-49A4-9609-71375FEC8F06}.Ad-Hoc|ARM.ActiveCfg = Ad-Hoc|iPhone
		{4EBDE5E0-3F0F-49A4-9609-71375FEC8F06}.Ad-Hoc|iPhone.ActiveCfg = Ad-Hoc|iPhone
		{4EBDE5E0-3F0F-49A4-9609-71375FEC8F06}.Ad-Hoc|iPhone.Build.0 = Ad-Hoc|iPhone
		{4EBDE5E0-3F0F-49A4-9609-71375FEC8F06}.Ad-Hoc|iPhoneSimulator.ActiveCfg = Ad-Hoc|iPhoneSimulator
		{4EBDE5E0-3F0F-49A4-9609-71375FEC8F06}.Ad-Hoc|iPhoneSimulator.Build.0 = Ad-Hoc|iPhoneSimulator
		{4EBDE5E0-3F0F-49A4-9609-71375FEC8F06}.Ad-Hoc|x64.ActiveCfg = Ad-Hoc|iPhone
		{4EBDE5E0-3F0F-49A4-9609-71375FEC8F06}.Ad-Hoc|x86.ActiveCfg = Ad-Hoc|iPhone
		{4EBDE5E0-3F0F-49A4-9609-71375FEC8F06}.AppStore|Any CPU.ActiveCfg = AppStore|iPhone
		{4EBDE5E0-3F0F-49A4-9609-71375FEC8F06}.AppStore|ARM.ActiveCfg = AppStore|iPhone
		{4EBDE5E0-3F0F-49A4-9609-71375FEC8F06}.AppStore|iPhone.ActiveCfg = AppStore|iPhone
		{4EBDE5E0-3F0F-49A4-9609-71375FEC8F06}.AppStore|iPhone.Build.0 = AppStore|iPhone
		{4EBDE5E0-3F0F-49A4-9609-71375FEC8F06}.AppStore|iPhoneSimulator.ActiveCfg = AppStore|iPhoneSimulator
		{4EBDE5E0-3F0F-49A4-9609-71375FEC8F06}.AppStore|iPhoneSimulator.Build.0 = AppStore|iPhoneSimulator
		{4EBDE5E0-3F0F-49A4-9609-71375FEC8F06}.AppStore|x64.ActiveCfg = AppStore|iPhone
		{4EBDE5E0-3F0F-49A4-9609-71375FEC8F06}.AppStore|x86.ActiveCfg = AppStore|iPhone
		{4EBDE5E0-3F0F-49A4-9609-71375FEC8F06}.Debug|Any CPU.ActiveCfg = Debug|iPhone
		{4EBDE5E0-3F0F-49A4-9609-71375FEC8F06}.Debug|ARM.ActiveCfg = Debug|iPhone
		{4EBDE5E0-3F0F-49A4-9609-71375FEC8F06}.Debug|iPhone.ActiveCfg = Debug|iPhone
		{4EBDE5E0-3F0F-49A4-9609-71375FEC8F06}.Debug|iPhone.Build.0 = Debug|iPhone
		{4EBDE5E0-3F0F-49A4-9609-71375FEC8F06}.Debug|iPhoneSimulator.ActiveCfg = Debug|iPhoneSimulator
		{4EBDE5E0-3F0F-49A4-9609-71375FEC8F06}.Debug|iPhoneSimulator.Build.0 = Debug|iPhoneSimulator
		{4EBDE5E0-3F0F-49A4-9609-71375FEC8F06}.Debug|x64.ActiveCfg = Debug|iPhone
		{4EBDE5E0-3F0F-49A4-9609-71375FEC8F06}.Debug|x86.ActiveCfg = Debug|iPhone
		{4EBDE5E0-3F0F-49A4-9609-71375FEC8F06}.Release|Any CPU.ActiveCfg = Release|iPhone
		{4EBDE5E0-3F0F-49A4-9609-71375FEC8F06}.Release|ARM.ActiveCfg = Release|iPhone
		{4EBDE5E0-3F0F-49A4-9609-71375FEC8F06}.Release|iPhone.ActiveCfg = Release|iPhone
		{4EBDE5E0-3F0F-49A4-9609-71375FEC8F06}.Release|iPhone.Build.0 = Release|iPhone
		{4EBDE5E0-3F0F-49A4-9609-71375FEC8F06}.Release|iPhoneSimulator.ActiveCfg = Release|iPhoneSimulator
		{4EBDE5E0-3F0F-49A4-9609-71375FEC8F06}.Release|iPhoneSimulator.Build.0 = Release|iPhoneSimulator
		{4EBDE5E0-3F0F-49A4-9609-71375FEC8F06}.Release|x64.ActiveCfg = Release|iPhone
		{4EBDE5E0-3F0F-49A4-9609-71375FEC8F06}.Release|x86.ActiveCfg = Release|iPhone
		{FF6D21BA-C227-45EF-9FB3-619FDA9FC1F7}.Ad-Hoc|Any CPU.ActiveCfg = Release|x86
		{FF6D21BA-C227-45EF-9FB3-619FDA9FC1F7}.Ad-Hoc|Any CPU.Build.0 = Release|x86
		{FF6D21BA-C227-45EF-9FB3-619FDA9FC1F7}.Ad-Hoc|Any CPU.Deploy.0 = Release|x86
		{FF6D21BA-C227-45EF-9FB3-619FDA9FC1F7}.Ad-Hoc|ARM.ActiveCfg = Release|ARM
		{FF6D21BA-C227-45EF-9FB3-619FDA9FC1F7}.Ad-Hoc|ARM.Build.0 = Release|ARM
		{FF6D21BA-C227-45EF-9FB3-619FDA9FC1F7}.Ad-Hoc|ARM.Deploy.0 = Release|ARM
		{FF6D21BA-C227-45EF-9FB3-619FDA9FC1F7}.Ad-Hoc|iPhone.ActiveCfg = Release|x86
		{FF6D21BA-C227-45EF-9FB3-619FDA9FC1F7}.Ad-Hoc|iPhone.Build.0 = Release|x86
		{FF6D21BA-C227-45EF-9FB3-619FDA9FC1F7}.Ad-Hoc|iPhone.Deploy.0 = Release|x86
		{FF6D21BA-C227-45EF-9FB3-619FDA9FC1F7}.Ad-Hoc|iPhoneSimulator.ActiveCfg = Release|x86
		{FF6D21BA-C227-45EF-9FB3-619FDA9FC1F7}.Ad-Hoc|iPhoneSimulator.Build.0 = Release|x86
		{FF6D21BA-C227-45EF-9FB3-619FDA9FC1F7}.Ad-Hoc|iPhoneSimulator.Deploy.0 = Release|x86
		{FF6D21BA-C227-45EF-9FB3-619FDA9FC1F7}.Ad-Hoc|x64.ActiveCfg = Release|x64
		{FF6D21BA-C227-45EF-9FB3-619FDA9FC1F7}.Ad-Hoc|x64.Build.0 = Release|x64
		{FF6D21BA-C227-45EF-9FB3-619FDA9FC1F7}.Ad-Hoc|x64.Deploy.0 = Release|x64
		{FF6D21BA-C227-45EF-9FB3-619FDA9FC1F7}.Ad-Hoc|x86.ActiveCfg = Release|x86
		{FF6D21BA-C227-45EF-9FB3-619FDA9FC1F7}.Ad-Hoc|x86.Build.0 = Release|x86
		{FF6D21BA-C227-45EF-9FB3-619FDA9FC1F7}.Ad-Hoc|x86.Deploy.0 = Release|x86
		{FF6D21BA-C227-45EF-9FB3-619FDA9FC1F7}.AppStore|Any CPU.ActiveCfg = Release|x86
		{FF6D21BA-C227-45EF-9FB3-619FDA9FC1F7}.AppStore|Any CPU.Build.0 = Release|x86
		{FF6D21BA-C227-45EF-9FB3-619FDA9FC1F7}.AppStore|Any CPU.Deploy.0 = Release|x86
		{FF6D21BA-C227-45EF-9FB3-619FDA9FC1F7}.AppStore|ARM.ActiveCfg = Release|ARM
		{FF6D21BA-C227-45EF-9FB3-619FDA9FC1F7}.AppStore|ARM.Build.0 = Release|ARM
		{FF6D21BA-C227-45EF-9FB3-619FDA9FC1F7}.AppStore|ARM.Deploy.0 = Release|ARM
		{FF6D21BA-C227-45EF-9FB3-619FDA9FC1F7}.AppStore|iPhone.ActiveCfg = Release|x86
		{FF6D21BA-C227-45EF-9FB3-619FDA9FC1F7}.AppStore|iPhone.Build.0 = Release|x86
		{FF6D21BA-C227-45EF-9FB3-619FDA9FC1F7}.AppStore|iPhone.Deploy.0 = Release|x86
		{FF6D21BA-C227-45EF-9FB3-619FDA9FC1F7}.AppStore|iPhoneSimulator.ActiveCfg = Release|x86
		{FF6D21BA-C227-45EF-9FB3-619FDA9FC1F7}.AppStore|iPhoneSimulator.Build.0 = Release|x86
		{FF6D21BA-C227-45EF-9FB3-619FDA9FC1F7}.AppStore|iPhoneSimulator.Deploy.0 = Release|x86
		{FF6D21BA-C227-45EF-9FB3-619FDA9FC1F7}.AppStore|x64.ActiveCfg = Release|x64
		{FF6D21BA-C227-45EF-9FB3-619FDA9FC1F7}.AppStore|x64.Build.0 = Release|x64
		{FF6D21BA-C227-45EF-9FB3-619FDA9FC1F7}.AppStore|x64.Deploy.0 = Release|x64
		{FF6D21BA-C227-45EF-9FB3-619FDA9FC1F7}.AppStore|x86.ActiveCfg = Release|x86
		{FF6D21BA-C227-45EF-9FB3-619FDA9FC1F7}.AppStore|x86.Build.0 = Release|x86
		{FF6D21BA-C227-45EF-9FB3-619FDA9FC1F7}.AppStore|x86.Deploy.0 = Release|x86
		{FF6D21BA-C227-45EF-9FB3-619FDA9FC1F7}.Debug|Any CPU.ActiveCfg = Debug|x86
		{FF6D21BA-C227-45EF-9FB3-619FDA9FC1F7}.Debug|ARM.ActiveCfg = Debug|ARM
		{FF6D21BA-C227-45EF-9FB3-619FDA9FC1F7}.Debug|ARM.Build.0 = Debug|ARM
		{FF6D21BA-C227-45EF-9FB3-619FDA9FC1F7}.Debug|ARM.Deploy.0 = Debug|ARM
		{FF6D21BA-C227-45EF-9FB3-619FDA9FC1F7}.Debug|iPhone.ActiveCfg = Debug|x86
		{FF6D21BA-C227-45EF-9FB3-619FDA9FC1F7}.Debug|iPhoneSimulator.ActiveCfg = Debug|x86
		{FF6D21BA-C227-45EF-9FB3-619FDA9FC1F7}.Debug|x64.ActiveCfg = Debug|x64
		{FF6D21BA-C227-45EF-9FB3-619FDA9FC1F7}.Debug|x64.Build.0 = Debug|x64
		{FF6D21BA-C227-45EF-9FB3-619FDA9FC1F7}.Debug|x64.Deploy.0 = Debug|x64
		{FF6D21BA-C227-45EF-9FB3-619FDA9FC1F7}.Debug|x86.ActiveCfg = Debug|x86
		{FF6D21BA-C227-45EF-9FB3-619FDA9FC1F7}.Debug|x86.Build.0 = Debug|x86
		{FF6D21BA-C227-45EF-9FB3-619FDA9FC1F7}.Debug|x86.Deploy.0 = Debug|x86
		{FF6D21BA-C227-45EF-9FB3-619FDA9FC1F7}.Release|Any CPU.ActiveCfg = Release|x86
		{FF6D21BA-C227-45EF-9FB3-619FDA9FC1F7}.Release|ARM.ActiveCfg = Release|ARM
		{FF6D21BA-C227-45EF-9FB3-619FDA9FC1F7}.Release|ARM.Build.0 = Release|ARM
		{FF6D21BA-C227-45EF-9FB3-619FDA9FC1F7}.Release|ARM.Deploy.0 = Release|ARM
		{FF6D21BA-C227-45EF-9FB3-619FDA9FC1F7}.Release|iPhone.ActiveCfg = Release|x86
		{FF6D21BA-C227-45EF-9FB3-619FDA9FC1F7}.Release|iPhoneSimulator.ActiveCfg = Release|x86
		{FF6D21BA-C227-45EF-9FB3-619FDA9FC1F7}.Release|x64.ActiveCfg = Release|x64
		{FF6D21BA-C227-45EF-9FB3-619FDA9FC1F7}.Release|x64.Build.0 = Release|x64
		{FF6D21BA-C227-45EF-9FB3-619FDA9FC1F7}.Release|x64.Deploy.0 = Release|x64
		{FF6D21BA-C227-45EF-9FB3-619FDA9FC1F7}.Release|x86.ActiveCfg = Release|x86
		{FF6D21BA-C227-45EF-9FB3-619FDA9FC1F7}.Release|x86.Build.0 = Release|x86
		{FF6D21BA-C227-45EF-9FB3-619FDA9FC1F7}.Release|x86.Deploy.0 = Release|x86
		{210E19EE-A747-4056-9E0B-5AA81EF1F180}.Ad-Hoc|Any CPU.ActiveCfg = Debug|Any CPU
		{210E19EE-A747-4056-9E0B-5AA81EF1F180}.Ad-Hoc|Any CPU.Build.0 = Debug|Any CPU
		{210E19EE-A747-4056-9E0B-5AA81EF1F180}.Ad-Hoc|ARM.ActiveCfg = Debug|Any CPU
		{210E19EE-A747-4056-9E0B-5AA81EF1F180}.Ad-Hoc|ARM.Build.0 = Debug|Any CPU
		{210E19EE-A747-4056-9E0B-5AA81EF1F180}.Ad-Hoc|iPhone.ActiveCfg = Debug|Any CPU
		{210E19EE-A747-4056-9E0B-5AA81EF1F180}.Ad-Hoc|iPhone.Build.0 = Debug|Any CPU
		{210E19EE-A747-4056-9E0B-5AA81EF1F180}.Ad-Hoc|iPhoneSimulator.ActiveCfg = Debug|Any CPU
		{210E19EE-A747-4056-9E0B-5AA81EF1F180}.Ad-Hoc|iPhoneSimulator.Build.0 = Debug|Any CPU
		{210E19EE-A747-4056-9E0B-5AA81EF1F180}.Ad-Hoc|x64.ActiveCfg = Debug|Any CPU
		{210E19EE-A747-4056-9E0B-5AA81EF1F180}.Ad-Hoc|x64.Build.0 = Debug|Any CPU
		{210E19EE-A747-4056-9E0B-5AA81EF1F180}.Ad-Hoc|x86.ActiveCfg = Debug|Any CPU
		{210E19EE-A747-4056-9E0B-5AA81EF1F180}.Ad-Hoc|x86.Build.0 = Debug|Any CPU
		{210E19EE-A747-4056-9E0B-5AA81EF1F180}.AppStore|Any CPU.ActiveCfg = Debug|Any CPU
		{210E19EE-A747-4056-9E0B-5AA81EF1F180}.AppStore|Any CPU.Build.0 = Debug|Any CPU
		{210E19EE-A747-4056-9E0B-5AA81EF1F180}.AppStore|ARM.ActiveCfg = Debug|Any CPU
		{210E19EE-A747-4056-9E0B-5AA81EF1F180}.AppStore|ARM.Build.0 = Debug|Any CPU
		{210E19EE-A747-4056-9E0B-5AA81EF1F180}.AppStore|iPhone.ActiveCfg = Debug|Any CPU
		{210E19EE-A747-4056-9E0B-5AA81EF1F180}.AppStore|iPhone.Build.0 = Debug|Any CPU
		{210E19EE-A747-4056-9E0B-5AA81EF1F180}.AppStore|iPhoneSimulator.ActiveCfg = Debug|Any CPU
		{210E19EE-A747-4056-9E0B-5AA81EF1F180}.AppStore|iPhoneSimulator.Build.0 = Debug|Any CPU
		{210E19EE-A747-4056-9E0B-5AA81EF1F180}.AppStore|x64.ActiveCfg = Debug|Any CPU
		{210E19EE-A747-4056-9E0B-5AA81EF1F180}.AppStore|x64.Build.0 = Debug|Any CPU
		{210E19EE-A747-4056-9E0B-5AA81EF1F180}.AppStore|x86.ActiveCfg = Debug|Any CPU
		{210E19EE-A747-4056-9E0B-5AA81EF1F180}.AppStore|x86.Build.0 = Debug|Any CPU
		{210E19EE-A747-4056-9E0B-5AA81EF1F180}.Debug|Any CPU.ActiveCfg = Debug|Any CPU
		{210E19EE-A747-4056-9E0B-5AA81EF1F180}.Debug|Any CPU.Build.0 = Debug|Any CPU
		{210E19EE-A747-4056-9E0B-5AA81EF1F180}.Debug|ARM.ActiveCfg = Debug|Any CPU
		{210E19EE-A747-4056-9E0B-5AA81EF1F180}.Debug|ARM.Build.0 = Debug|Any CPU
		{210E19EE-A747-4056-9E0B-5AA81EF1F180}.Debug|iPhone.ActiveCfg = Debug|Any CPU
		{210E19EE-A747-4056-9E0B-5AA81EF1F180}.Debug|iPhone.Build.0 = Debug|Any CPU
		{210E19EE-A747-4056-9E0B-5AA81EF1F180}.Debug|iPhoneSimulator.ActiveCfg = Debug|Any CPU
		{210E19EE-A747-4056-9E0B-5AA81EF1F180}.Debug|iPhoneSimulator.Build.0 = Debug|Any CPU
		{210E19EE-A747-4056-9E0B-5AA81EF1F180}.Debug|x64.ActiveCfg = Debug|Any CPU
		{210E19EE-A747-4056-9E0B-5AA81EF1F180}.Debug|x64.Build.0 = Debug|Any CPU
		{210E19EE-A747-4056-9E0B-5AA81EF1F180}.Debug|x86.ActiveCfg = Debug|Any CPU
		{210E19EE-A747-4056-9E0B-5AA81EF1F180}.Debug|x86.Build.0 = Debug|Any CPU
		{210E19EE-A747-4056-9E0B-5AA81EF1F180}.Release|Any CPU.ActiveCfg = Release|Any CPU
		{210E19EE-A747-4056-9E0B-5AA81EF1F180}.Release|Any CPU.Build.0 = Release|Any CPU
		{210E19EE-A747-4056-9E0B-5AA81EF1F180}.Release|ARM.ActiveCfg = Release|Any CPU
		{210E19EE-A747-4056-9E0B-5AA81EF1F180}.Release|ARM.Build.0 = Release|Any CPU
		{210E19EE-A747-4056-9E0B-5AA81EF1F180}.Release|iPhone.ActiveCfg = Release|Any CPU
		{210E19EE-A747-4056-9E0B-5AA81EF1F180}.Release|iPhone.Build.0 = Release|Any CPU
		{210E19EE-A747-4056-9E0B-5AA81EF1F180}.Release|iPhoneSimulator.ActiveCfg = Release|Any CPU
		{210E19EE-A747-4056-9E0B-5AA81EF1F180}.Release|iPhoneSimulator.Build.0 = Release|Any CPU
		{210E19EE-A747-4056-9E0B-5AA81EF1F180}.Release|x64.ActiveCfg = Release|Any CPU
		{210E19EE-A747-4056-9E0B-5AA81EF1F180}.Release|x64.Build.0 = Release|Any CPU
		{210E19EE-A747-4056-9E0B-5AA81EF1F180}.Release|x86.ActiveCfg = Release|Any CPU
		{210E19EE-A747-4056-9E0B-5AA81EF1F180}.Release|x86.Build.0 = Release|Any CPU
	EndGlobalSection
	GlobalSection(SolutionProperties) = preSolution
		HideSolutionNode = FALSE
	EndGlobalSection
	GlobalSection(ExtensibilityGlobals) = postSolution
		SolutionGuid = {FF274323-C200-4423-8042-A9201ACC3FE7}
	EndGlobalSection
EndGlobal
